
Microsoft Visual Studio Solution File, Format Version 12.00
# Visual Studio Version 17
VisualStudioVersion = 17.14.36203.30 d17.14
MinimumVisualStudioVersion = 10.0.40219.1
Project("{FAE04EC0-301F-11D3-BF4B-00C04F79EFBC}") = "SalesHubMVC", "SalesHubMVC\SalesHubMVC.csproj", "{77B82735-AC2D-427F-B199-08BB50A7376B}"
EndProject
Global
	GlobalSection(SolutionConfigurationPlatforms) = preSolution
		Debug|Any CPU = Debug|Any CPU
		Release|Any CPU = Release|Any CPU
	EndGlobalSection
	GlobalSection(ProjectConfigurationPlatforms) = postSolution
		{77B82735-AC2D-427F-B199-08BB50A7376B}.Debug|Any CPU.ActiveCfg = Debug|Any CPU
		{77B82735-AC2D-427F-B199-08BB50A7376B}.Debug|Any CPU.Build.0 = Debug|Any CPU
		{77B82735-AC2D-427F-B199-08BB50A7376B}.Release|Any CPU.ActiveCfg = Release|Any CPU
		{77B82735-AC2D-427F-B199-08BB50A7376B}.Release|Any CPU.Build.0 = Release|Any CPU
	EndGlobalSection
	GlobalSection(SolutionProperties) = preSolution
		HideSolutionNode = FALSE
	EndGlobalSection
	GlobalSection(ExtensibilityGlobals) = postSolution
		SolutionGuid = {6B8D0A5A-DDD2-4B8F-AFBE-468B3895E06B}
	EndGlobalSection
EndGlobal
